// !$*UTF8*$!
{
	archiveVersion = 1;
	classes = {
	};
	objectVersion = 56;
	objects = {

/* Begin PBXBuildFile section */
		731D40FB2B7D608F00E683F0 /* Assets.xcassets in Resources */ = {isa = PBXBuildFile; fileRef = 731D40FA2B7D608F00E683F0 /* Assets.xcassets */; };
		731D41062B7D616A00E683F0 /* PreferenceKey.swift in Sources */ = {isa = PBXBuildFile; fileRef = 731D41052B7D616A00E683F0 /* PreferenceKey.swift */; };
		731D41082B7D62AA00E683F0 /* UserPreferences.swift in Sources */ = {isa = PBXBuildFile; fileRef = 731D41072B7D62AA00E683F0 /* UserPreferences.swift */; };
		731D410A2B7D62F700E683F0 /* NotificationKey.swift in Sources */ = {isa = PBXBuildFile; fileRef = 731D41092B7D62F700E683F0 /* NotificationKey.swift */; };
		731D410C2B7D649E00E683F0 /* StatusNotification.swift in Sources */ = {isa = PBXBuildFile; fileRef = 731D410B2B7D649E00E683F0 /* StatusNotification.swift */; };
		731D410E2B7D657200E683F0 /* Localizable.xcstrings in Resources */ = {isa = PBXBuildFile; fileRef = 731D410D2B7D657200E683F0 /* Localizable.xcstrings */; };
		731D41102B7D664A00E683F0 /* StatusBarItem.swift in Sources */ = {isa = PBXBuildFile; fileRef = 731D410F2B7D664A00E683F0 /* StatusBarItem.swift */; };
		731D41132B7D675000E683F0 /* LaunchAtLogin in Frameworks */ = {isa = PBXBuildFile; productRef = 731D41122B7D675000E683F0 /* LaunchAtLogin */; };
		731D41152B7D677900E683F0 /* MenuInfoViewModel.swift in Sources */ = {isa = PBXBuildFile; fileRef = 731D41142B7D677900E683F0 /* MenuInfoViewModel.swift */; };
		731D41172B7D67A500E683F0 /* MenuInfoView.swift in Sources */ = {isa = PBXBuildFile; fileRef = 731D41162B7D67A500E683F0 /* MenuInfoView.swift */; };
		731D41192B7D67F300E683F0 /* ApplicationMenuDelegate.swift in Sources */ = {isa = PBXBuildFile; fileRef = 731D41182B7D67F300E683F0 /* ApplicationMenuDelegate.swift */; };
		731D411B2B7D682400E683F0 /* ApplicationController.swift in Sources */ = {isa = PBXBuildFile; fileRef = 731D411A2B7D682400E683F0 /* ApplicationController.swift */; };
		731D411D2B7D683800E683F0 /* AppDelegate.swift in Sources */ = {isa = PBXBuildFile; fileRef = 731D411C2B7D683800E683F0 /* AppDelegate.swift */; };
		731D41202B7D68CF00E683F0 /* StatusBarIcon.swift in Sources */ = {isa = PBXBuildFile; fileRef = 731D411F2B7D68CF00E683F0 /* StatusBarIcon.swift */; };
		731D41222B7D68DD00E683F0 /* BatteryImageCache.swift in Sources */ = {isa = PBXBuildFile; fileRef = 731D41212B7D68DD00E683F0 /* BatteryImageCache.swift */; };
		731D41242B7D68E800E683F0 /* NSImageExtencion.swift in Sources */ = {isa = PBXBuildFile; fileRef = 731D41232B7D68E800E683F0 /* NSImageExtencion.swift */; };
		731D41272B7D697E00E683F0 /* BatteryService.swift in Sources */ = {isa = PBXBuildFile; fileRef = 731D41262B7D697E00E683F0 /* BatteryService.swift */; };
		731D41292B7D698F00E683F0 /* BatteryState.swift in Sources */ = {isa = PBXBuildFile; fileRef = 731D41282B7D698F00E683F0 /* BatteryState.swift */; };
		731D412B2B7D69A400E683F0 /* Percentage.swift in Sources */ = {isa = PBXBuildFile; fileRef = 731D412A2B7D69A400E683F0 /* Percentage.swift */; };
		731D412D2B7D69CB00E683F0 /* TimeRemaining.swift in Sources */ = {isa = PBXBuildFile; fileRef = 731D412C2B7D69CB00E683F0 /* TimeRemaining.swift */; };
		731D412F2B7D6A0200E683F0 /* PowerSource.swift in Sources */ = {isa = PBXBuildFile; fileRef = 731D412E2B7D6A0200E683F0 /* PowerSource.swift */; };
		731D41312B7D6A1200E683F0 /* CycleCount.swift in Sources */ = {isa = PBXBuildFile; fileRef = 731D41302B7D6A1200E683F0 /* CycleCount.swift */; };
		731D41332B7D6A3600E683F0 /* BatteryRegistryPropertyKey.swift in Sources */ = {isa = PBXBuildFile; fileRef = 731D41322B7D6A3600E683F0 /* BatteryRegistryPropertyKey.swift */; };
		731D41352B7D6A4500E683F0 /* BatteryError.swift in Sources */ = {isa = PBXBuildFile; fileRef = 731D41342B7D6A4500E683F0 /* BatteryError.swift */; };
		731D41372B7D6A6100E683F0 /* BatteryInfoTypeProtocol.swift in Sources */ = {isa = PBXBuildFile; fileRef = 731D41362B7D6A6100E683F0 /* BatteryInfoTypeProtocol.swift */; };
		731D41392B7D6A7A00E683F0 /* SourceInfoType.swift in Sources */ = {isa = PBXBuildFile; fileRef = 731D41382B7D6A7A00E683F0 /* SourceInfoType.swift */; };
		731D413B2B7D6F8E00E683F0 /* MainMenu.xib in Resources */ = {isa = PBXBuildFile; fileRef = 731D413A2B7D6F8E00E683F0 /* MainMenu.xib */; };
/* End PBXBuildFile section */

/* Begin PBXFileReference section */
		731D40F32B7D608D00E683F0 /* Battery Care.app */ = {isa = PBXFileReference; explicitFileType = wrapper.application; includeInIndex = 0; path = "Battery Care.app"; sourceTree = BUILT_PRODUCTS_DIR; };
		731D40FA2B7D608F00E683F0 /* Assets.xcassets */ = {isa = PBXFileReference; lastKnownFileType = folder.assetcatalog; path = Assets.xcassets; sourceTree = "<group>"; };
		731D40FF2B7D608F00E683F0 /* battey-care.entitlements */ = {isa = PBXFileReference; lastKnownFileType = text.plist.entitlements; path = "battey-care.entitlements"; sourceTree = "<group>"; };
		731D41052B7D616A00E683F0 /* PreferenceKey.swift */ = {isa = PBXFileReference; lastKnownFileType = sourcecode.swift; path = PreferenceKey.swift; sourceTree = "<group>"; };
		731D41072B7D62AA00E683F0 /* UserPreferences.swift */ = {isa = PBXFileReference; lastKnownFileType = sourcecode.swift; path = UserPreferences.swift; sourceTree = "<group>"; };
		731D41092B7D62F700E683F0 /* NotificationKey.swift */ = {isa = PBXFileReference; lastKnownFileType = sourcecode.swift; path = NotificationKey.swift; sourceTree = "<group>"; };
		731D410B2B7D649E00E683F0 /* StatusNotification.swift */ = {isa = PBXFileReference; lastKnownFileType = sourcecode.swift; path = StatusNotification.swift; sourceTree = "<group>"; };
		731D410D2B7D657200E683F0 /* Localizable.xcstrings */ = {isa = PBXFileReference; lastKnownFileType = text.json.xcstrings; path = Localizable.xcstrings; sourceTree = "<group>"; };
		731D410F2B7D664A00E683F0 /* StatusBarItem.swift */ = {isa = PBXFileReference; lastKnownFileType = sourcecode.swift; path = StatusBarItem.swift; sourceTree = "<group>"; };
		731D41142B7D677900E683F0 /* MenuInfoViewModel.swift */ = {isa = PBXFileReference; lastKnownFileType = sourcecode.swift; path = MenuInfoViewModel.swift; sourceTree = "<group>"; };
		731D41162B7D67A500E683F0 /* MenuInfoView.swift */ = {isa = PBXFileReference; lastKnownFileType = sourcecode.swift; path = MenuInfoView.swift; sourceTree = "<group>"; };
		731D41182B7D67F300E683F0 /* ApplicationMenuDelegate.swift */ = {isa = PBXFileReference; lastKnownFileType = sourcecode.swift; path = ApplicationMenuDelegate.swift; sourceTree = "<group>"; };
		731D411A2B7D682400E683F0 /* ApplicationController.swift */ = {isa = PBXFileReference; lastKnownFileType = sourcecode.swift; path = ApplicationController.swift; sourceTree = "<group>"; };
		731D411C2B7D683800E683F0 /* AppDelegate.swift */ = {isa = PBXFileReference; lastKnownFileType = sourcecode.swift; path = AppDelegate.swift; sourceTree = "<group>"; };
		731D411F2B7D68CF00E683F0 /* StatusBarIcon.swift */ = {isa = PBXFileReference; lastKnownFileType = sourcecode.swift; path = StatusBarIcon.swift; sourceTree = "<group>"; };
		731D41212B7D68DD00E683F0 /* BatteryImageCache.swift */ = {isa = PBXFileReference; lastKnownFileType = sourcecode.swift; path = BatteryImageCache.swift; sourceTree = "<group>"; };
		731D41232B7D68E800E683F0 /* NSImageExtencion.swift */ = {isa = PBXFileReference; lastKnownFileType = sourcecode.swift; path = NSImageExtencion.swift; sourceTree = "<group>"; };
		731D41262B7D697E00E683F0 /* BatteryService.swift */ = {isa = PBXFileReference; lastKnownFileType = sourcecode.swift; path = BatteryService.swift; sourceTree = "<group>"; };
		731D41282B7D698F00E683F0 /* BatteryState.swift */ = {isa = PBXFileReference; lastKnownFileType = sourcecode.swift; path = BatteryState.swift; sourceTree = "<group>"; };
		731D412A2B7D69A400E683F0 /* Percentage.swift */ = {isa = PBXFileReference; lastKnownFileType = sourcecode.swift; path = Percentage.swift; sourceTree = "<group>"; };
		731D412C2B7D69CB00E683F0 /* TimeRemaining.swift */ = {isa = PBXFileReference; lastKnownFileType = sourcecode.swift; path = TimeRemaining.swift; sourceTree = "<group>"; };
		731D412E2B7D6A0200E683F0 /* PowerSource.swift */ = {isa = PBXFileReference; lastKnownFileType = sourcecode.swift; path = PowerSource.swift; sourceTree = "<group>"; };
		731D41302B7D6A1200E683F0 /* CycleCount.swift */ = {isa = PBXFileReference; lastKnownFileType = sourcecode.swift; path = CycleCount.swift; sourceTree = "<group>"; };
		731D41322B7D6A3600E683F0 /* BatteryRegistryPropertyKey.swift */ = {isa = PBXFileReference; lastKnownFileType = sourcecode.swift; path = BatteryRegistryPropertyKey.swift; sourceTree = "<group>"; };
		731D41342B7D6A4500E683F0 /* BatteryError.swift */ = {isa = PBXFileReference; lastKnownFileType = sourcecode.swift; path = BatteryError.swift; sourceTree = "<group>"; };
		731D41362B7D6A6100E683F0 /* BatteryInfoTypeProtocol.swift */ = {isa = PBXFileReference; lastKnownFileType = sourcecode.swift; path = BatteryInfoTypeProtocol.swift; sourceTree = "<group>"; };
		731D41382B7D6A7A00E683F0 /* SourceInfoType.swift */ = {isa = PBXFileReference; lastKnownFileType = sourcecode.swift; path = SourceInfoType.swift; sourceTree = "<group>"; };
		731D413A2B7D6F8E00E683F0 /* MainMenu.xib */ = {isa = PBXFileReference; lastKnownFileType = file.xib; path = MainMenu.xib; sourceTree = "<group>"; };
/* End PBXFileReference section */

/* Begin PBXFrameworksBuildPhase section */
		731D40F02B7D608D00E683F0 /* Frameworks */ = {
			isa = PBXFrameworksBuildPhase;
			buildActionMask = 2147483647;
			files = (
				731D41132B7D675000E683F0 /* LaunchAtLogin in Frameworks */,
			);
			runOnlyForDeploymentPostprocessing = 0;
		};
/* End PBXFrameworksBuildPhase section */

/* Begin PBXGroup section */
		731D40EA2B7D608D00E683F0 = {
			isa = PBXGroup;
			children = (
				731D40F52B7D608D00E683F0 /* battery-care */,
				731D40F42B7D608D00E683F0 /* Products */,
			);
			sourceTree = "<group>";
		};
		731D40F42B7D608D00E683F0 /* Products */ = {
			isa = PBXGroup;
			children = (
				731D40F32B7D608D00E683F0 /* Battery Care.app */,
			);
			name = Products;
			sourceTree = "<group>";
		};
		731D40F52B7D608D00E683F0 /* battery-care */ = {
			isa = PBXGroup;
			children = (
				731D41252B7D694D00E683F0 /* battery */,
				731D411E2B7D68B800E683F0 /* batteryImage */,
				731D411C2B7D683800E683F0 /* AppDelegate.swift */,
				731D41182B7D67F300E683F0 /* ApplicationMenuDelegate.swift */,
				731D411A2B7D682400E683F0 /* ApplicationController.swift */,
				731D410B2B7D649E00E683F0 /* StatusNotification.swift */,
				731D410F2B7D664A00E683F0 /* StatusBarItem.swift */,
				731D41162B7D67A500E683F0 /* MenuInfoView.swift */,
				731D41142B7D677900E683F0 /* MenuInfoViewModel.swift */,
				731D41092B7D62F700E683F0 /* NotificationKey.swift */,
				731D41072B7D62AA00E683F0 /* UserPreferences.swift */,
				731D41052B7D616A00E683F0 /* PreferenceKey.swift */,
				731D413A2B7D6F8E00E683F0 /* MainMenu.xib */,
				731D40FA2B7D608F00E683F0 /* Assets.xcassets */,
				731D40FF2B7D608F00E683F0 /* battey-care.entitlements */,
				731D410D2B7D657200E683F0 /* Localizable.xcstrings */,
			);
			path = "battery-care";
			sourceTree = "<group>";
		};
		731D411E2B7D68B800E683F0 /* batteryImage */ = {
			isa = PBXGroup;
			children = (
				731D411F2B7D68CF00E683F0 /* StatusBarIcon.swift */,
				731D41212B7D68DD00E683F0 /* BatteryImageCache.swift */,
				731D41232B7D68E800E683F0 /* NSImageExtencion.swift */,
			);
			path = batteryImage;
			sourceTree = "<group>";
		};
		731D41252B7D694D00E683F0 /* battery */ = {
			isa = PBXGroup;
			children = (
				731D41262B7D697E00E683F0 /* BatteryService.swift */,
				731D41282B7D698F00E683F0 /* BatteryState.swift */,
				731D412A2B7D69A400E683F0 /* Percentage.swift */,
				731D412C2B7D69CB00E683F0 /* TimeRemaining.swift */,
				731D412E2B7D6A0200E683F0 /* PowerSource.swift */,
				731D41302B7D6A1200E683F0 /* CycleCount.swift */,
				731D41322B7D6A3600E683F0 /* BatteryRegistryPropertyKey.swift */,
				731D41342B7D6A4500E683F0 /* BatteryError.swift */,
				731D41362B7D6A6100E683F0 /* BatteryInfoTypeProtocol.swift */,
				731D41382B7D6A7A00E683F0 /* SourceInfoType.swift */,
			);
			path = battery;
			sourceTree = "<group>";
		};
/* End PBXGroup section */

/* Begin PBXNativeTarget section */
		731D40F22B7D608D00E683F0 /* battery-care */ = {
			isa = PBXNativeTarget;
			buildConfigurationList = 731D41022B7D608F00E683F0 /* Build configuration list for PBXNativeTarget "battery-care" */;
			buildPhases = (
				731D40EF2B7D608D00E683F0 /* Sources */,
				731D40F02B7D608D00E683F0 /* Frameworks */,
				731D40F12B7D608D00E683F0 /* Resources */,
			);
			buildRules = (
			);
			dependencies = (
			);
			name = "battery-care";
			packageProductDependencies = (
				731D41122B7D675000E683F0 /* LaunchAtLogin */,
			);
			productName = mojito;
			productReference = 731D40F32B7D608D00E683F0 /* Battery Care.app */;
			productType = "com.apple.product-type.application";
		};
/* End PBXNativeTarget section */

/* Begin PBXProject section */
		731D40EB2B7D608D00E683F0 /* Project object */ = {
			isa = PBXProject;
			attributes = {
				BuildIndependentTargetsInParallel = 1;
				LastSwiftUpdateCheck = 1500;
				LastUpgradeCheck = 1500;
				TargetAttributes = {
					731D40F22B7D608D00E683F0 = {
						CreatedOnToolsVersion = 15.0.1;
					};
				};
			};
			buildConfigurationList = 731D40EE2B7D608D00E683F0 /* Build configuration list for PBXProject "battery-care" */;
			compatibilityVersion = "Xcode 14.0";
			developmentRegion = en;
			hasScannedForEncodings = 0;
			knownRegions = (
				en,
				Base,
			);
			mainGroup = 731D40EA2B7D608D00E683F0;
			packageReferences = (
				731D41112B7D675000E683F0 /* XCRemoteSwiftPackageReference "LaunchAtLogin-Modern" */,
			);
			productRefGroup = 731D40F42B7D608D00E683F0 /* Products */;
			projectDirPath = "";
			projectRoot = "";
			targets = (
				731D40F22B7D608D00E683F0 /* battery-care */,
			);
		};
/* End PBXProject section */

/* Begin PBXResourcesBuildPhase section */
		731D40F12B7D608D00E683F0 /* Resources */ = {
			isa = PBXResourcesBuildPhase;
			buildActionMask = 2147483647;
			files = (
				731D40FB2B7D608F00E683F0 /* Assets.xcassets in Resources */,
				731D410E2B7D657200E683F0 /* Localizable.xcstrings in Resources */,
				731D413B2B7D6F8E00E683F0 /* MainMenu.xib in Resources */,
			);
			runOnlyForDeploymentPostprocessing = 0;
		};
/* End PBXResourcesBuildPhase section */

/* Begin PBXSourcesBuildPhase section */
		731D40EF2B7D608D00E683F0 /* Sources */ = {
			isa = PBXSourcesBuildPhase;
			buildActionMask = 2147483647;
			files = (
				731D412D2B7D69CB00E683F0 /* TimeRemaining.swift in Sources */,
				731D41242B7D68E800E683F0 /* NSImageExtencion.swift in Sources */,
				731D41202B7D68CF00E683F0 /* StatusBarIcon.swift in Sources */,
				731D41352B7D6A4500E683F0 /* BatteryError.swift in Sources */,
				731D411D2B7D683800E683F0 /* AppDelegate.swift in Sources */,
				731D41062B7D616A00E683F0 /* PreferenceKey.swift in Sources */,
				731D411B2B7D682400E683F0 /* ApplicationController.swift in Sources */,
				731D41372B7D6A6100E683F0 /* BatteryInfoTypeProtocol.swift in Sources */,
				731D41272B7D697E00E683F0 /* BatteryService.swift in Sources */,
				731D41172B7D67A500E683F0 /* MenuInfoView.swift in Sources */,
				731D41082B7D62AA00E683F0 /* UserPreferences.swift in Sources */,
				731D410C2B7D649E00E683F0 /* StatusNotification.swift in Sources */,
				731D412B2B7D69A400E683F0 /* Percentage.swift in Sources */,
				731D41292B7D698F00E683F0 /* BatteryState.swift in Sources */,
				731D412F2B7D6A0200E683F0 /* PowerSource.swift in Sources */,
				731D41192B7D67F300E683F0 /* ApplicationMenuDelegate.swift in Sources */,
				731D41332B7D6A3600E683F0 /* BatteryRegistryPropertyKey.swift in Sources */,
				731D41222B7D68DD00E683F0 /* BatteryImageCache.swift in Sources */,
				731D410A2B7D62F700E683F0 /* NotificationKey.swift in Sources */,
				731D41392B7D6A7A00E683F0 /* SourceInfoType.swift in Sources */,
				731D41102B7D664A00E683F0 /* StatusBarItem.swift in Sources */,
				731D41312B7D6A1200E683F0 /* CycleCount.swift in Sources */,
				731D41152B7D677900E683F0 /* MenuInfoViewModel.swift in Sources */,
			);
			runOnlyForDeploymentPostprocessing = 0;
		};
/* End PBXSourcesBuildPhase section */

/* Begin XCBuildConfiguration section */
		731D41002B7D608F00E683F0 /* Debug */ = {
			isa = XCBuildConfiguration;
			buildSettings = {
				ALWAYS_SEARCH_USER_PATHS = NO;
				ASSETCATALOG_COMPILER_GENERATE_SWIFT_ASSET_SYMBOL_EXTENSIONS = YES;
				CLANG_ANALYZER_NONNULL = YES;
				CLANG_ANALYZER_NUMBER_OBJECT_CONVERSION = YES_AGGRESSIVE;
				CLANG_CXX_LANGUAGE_STANDARD = "gnu++20";
				CLANG_ENABLE_MODULES = YES;
				CLANG_ENABLE_OBJC_ARC = YES;
				CLANG_ENABLE_OBJC_WEAK = YES;
				CLANG_WARN_BLOCK_CAPTURE_AUTORELEASING = YES;
				CLANG_WARN_BOOL_CONVERSION = YES;
				CLANG_WARN_COMMA = YES;
				CLANG_WARN_CONSTANT_CONVERSION = YES;
				CLANG_WARN_DEPRECATED_OBJC_IMPLEMENTATIONS = YES;
				CLANG_WARN_DIRECT_OBJC_ISA_USAGE = YES_ERROR;
				CLANG_WARN_DOCUMENTATION_COMMENTS = YES;
				CLANG_WARN_EMPTY_BODY = YES;
				CLANG_WARN_ENUM_CONVERSION = YES;
				CLANG_WARN_INFINITE_RECURSION = YES;
				CLANG_WARN_INT_CONVERSION = YES;
				CLANG_WARN_NON_LITERAL_NULL_CONVERSION = YES;
				CLANG_WARN_OBJC_IMPLICIT_RETAIN_SELF = YES;
				CLANG_WARN_OBJC_LITERAL_CONVERSION = YES;
				CLANG_WARN_OBJC_ROOT_CLASS = YES_ERROR;
				CLANG_WARN_QUOTED_INCLUDE_IN_FRAMEWORK_HEADER = YES;
				CLANG_WARN_RANGE_LOOP_ANALYSIS = YES;
				CLANG_WARN_STRICT_PROTOTYPES = YES;
				CLANG_WARN_SUSPICIOUS_MOVE = YES;
				CLANG_WARN_UNGUARDED_AVAILABILITY = YES_AGGRESSIVE;
				CLANG_WARN_UNREACHABLE_CODE = YES;
				CLANG_WARN__DUPLICATE_METHOD_MATCH = YES;
				COPY_PHASE_STRIP = NO;
				DEBUG_INFORMATION_FORMAT = dwarf;
				ENABLE_STRICT_OBJC_MSGSEND = YES;
				ENABLE_TESTABILITY = YES;
				ENABLE_USER_SCRIPT_SANDBOXING = YES;
				GCC_C_LANGUAGE_STANDARD = gnu17;
				GCC_DYNAMIC_NO_PIC = NO;
				GCC_NO_COMMON_BLOCKS = YES;
				GCC_OPTIMIZATION_LEVEL = 0;
				GCC_PREPROCESSOR_DEFINITIONS = (
					"DEBUG=1",
					"$(inherited)",
				);
				GCC_WARN_64_TO_32_BIT_CONVERSION = YES;
				GCC_WARN_ABOUT_RETURN_TYPE = YES_ERROR;
				GCC_WARN_UNDECLARED_SELECTOR = YES;
				GCC_WARN_UNINITIALIZED_AUTOS = YES_AGGRESSIVE;
				GCC_WARN_UNUSED_FUNCTION = YES;
				GCC_WARN_UNUSED_VARIABLE = YES;
				INFOPLIST_FILE = "";
				LOCALIZATION_PREFERS_STRING_CATALOGS = YES;
				MACOSX_DEPLOYMENT_TARGET = 14.0;
				MTL_ENABLE_DEBUG_INFO = INCLUDE_SOURCE;
				MTL_FAST_MATH = YES;
				ONLY_ACTIVE_ARCH = YES;
				SDKROOT = macosx;
				SWIFT_ACTIVE_COMPILATION_CONDITIONS = "DEBUG $(inherited)";
				SWIFT_OPTIMIZATION_LEVEL = "-Onone";
			};
			name = Debug;
		};
		731D41012B7D608F00E683F0 /* Release */ = {
			isa = XCBuildConfiguration;
			buildSettings = {
				ALWAYS_SEARCH_USER_PATHS = NO;
				ASSETCATALOG_COMPILER_GENERATE_SWIFT_ASSET_SYMBOL_EXTENSIONS = YES;
				CLANG_ANALYZER_NONNULL = YES;
				CLANG_ANALYZER_NUMBER_OBJECT_CONVERSION = YES_AGGRESSIVE;
				CLANG_CXX_LANGUAGE_STANDARD = "gnu++20";
				CLANG_ENABLE_MODULES = YES;
				CLANG_ENABLE_OBJC_ARC = YES;
				CLANG_ENABLE_OBJC_WEAK = YES;
				CLANG_WARN_BLOCK_CAPTURE_AUTORELEASING = YES;
				CLANG_WARN_BOOL_CONVERSION = YES;
				CLANG_WARN_COMMA = YES;
				CLANG_WARN_CONSTANT_CONVERSION = YES;
				CLANG_WARN_DEPRECATED_OBJC_IMPLEMENTATIONS = YES;
				CLANG_WARN_DIRECT_OBJC_ISA_USAGE = YES_ERROR;
				CLANG_WARN_DOCUMENTATION_COMMENTS = YES;
				CLANG_WARN_EMPTY_BODY = YES;
				CLANG_WARN_ENUM_CONVERSION = YES;
				CLANG_WARN_INFINITE_RECURSION = YES;
				CLANG_WARN_INT_CONVERSION = YES;
				CLANG_WARN_NON_LITERAL_NULL_CONVERSION = YES;
				CLANG_WARN_OBJC_IMPLICIT_RETAIN_SELF = YES;
				CLANG_WARN_OBJC_LITERAL_CONVERSION = YES;
				CLANG_WARN_OBJC_ROOT_CLASS = YES_ERROR;
				CLANG_WARN_QUOTED_INCLUDE_IN_FRAMEWORK_HEADER = YES;
				CLANG_WARN_RANGE_LOOP_ANALYSIS = YES;
				CLANG_WARN_STRICT_PROTOTYPES = YES;
				CLANG_WARN_SUSPICIOUS_MOVE = YES;
				CLANG_WARN_UNGUARDED_AVAILABILITY = YES_AGGRESSIVE;
				CLANG_WARN_UNREACHABLE_CODE = YES;
				CLANG_WARN__DUPLICATE_METHOD_MATCH = YES;
				COPY_PHASE_STRIP = NO;
				DEBUG_INFORMATION_FORMAT = "dwarf-with-dsym";
				ENABLE_NS_ASSERTIONS = NO;
				ENABLE_STRICT_OBJC_MSGSEND = YES;
				ENABLE_USER_SCRIPT_SANDBOXING = YES;
				GCC_C_LANGUAGE_STANDARD = gnu17;
				GCC_NO_COMMON_BLOCKS = YES;
				GCC_WARN_64_TO_32_BIT_CONVERSION = YES;
				GCC_WARN_ABOUT_RETURN_TYPE = YES_ERROR;
				GCC_WARN_UNDECLARED_SELECTOR = YES;
				GCC_WARN_UNINITIALIZED_AUTOS = YES_AGGRESSIVE;
				GCC_WARN_UNUSED_FUNCTION = YES;
				GCC_WARN_UNUSED_VARIABLE = YES;
				INFOPLIST_FILE = "";
				LOCALIZATION_PREFERS_STRING_CATALOGS = YES;
				MACOSX_DEPLOYMENT_TARGET = 14.0;
				MTL_ENABLE_DEBUG_INFO = NO;
				MTL_FAST_MATH = YES;
				SDKROOT = macosx;
				SWIFT_COMPILATION_MODE = wholemodule;
			};
			name = Release;
		};
		731D41032B7D608F00E683F0 /* Debug */ = {
			isa = XCBuildConfiguration;
			buildSettings = {
				ASSETCATALOG_COMPILER_APPICON_NAME = AppIcon;
				ASSETCATALOG_COMPILER_GLOBAL_ACCENT_COLOR_NAME = AccentColor;
				ASSETCATALOG_COMPILER_INCLUDE_ALL_APPICON_ASSETS = NO;
				CODE_SIGN_ENTITLEMENTS = "/Users/andreiserdiukov/Documents/battery-care/battery-care";
				"CODE_SIGN_IDENTITY[sdk=macosx*]" = "-";
				CODE_SIGN_STYLE = Automatic;
				COMBINE_HIDPI_IMAGES = YES;
				CURRENT_PROJECT_VERSION = 1;
				ENABLE_PREVIEWS = YES;
				GENERATE_INFOPLIST_FILE = YES;
				INFOPLIST_KEY_CFBundleDisplayName = "Battery Care";
				INFOPLIST_KEY_LSApplicationCategoryType = "public.app-category.utilities";
				INFOPLIST_KEY_LSBackgroundOnly = YES;
				INFOPLIST_KEY_LSUIElement = YES;
				INFOPLIST_KEY_NSHumanReadableCopyright = "";
				INFOPLIST_KEY_NSMainNibFile = MainMenu;
				LD_RUNPATH_SEARCH_PATHS = (
					"$(inherited)",
					"@executable_path/../Frameworks",
				);
				MARKETING_VERSION = 1.0;
				PRODUCT_BUNDLE_IDENTIFIER = com.andreiserdiukov.batterycare;
				PRODUCT_NAME = "Battery Care";
				SWIFT_EMIT_LOC_STRINGS = YES;
				SWIFT_VERSION = 5.0;
			};
			name = Debug;
		};
		731D41042B7D608F00E683F0 /* Release */ = {
			isa = XCBuildConfiguration;
			buildSettings = {
				ASSETCATALOG_COMPILER_APPICON_NAME = AppIcon;
				ASSETCATALOG_COMPILER_GLOBAL_ACCENT_COLOR_NAME = AccentColor;
				ASSETCATALOG_COMPILER_INCLUDE_ALL_APPICON_ASSETS = NO;
				CODE_SIGN_ENTITLEMENTS = "/Users/andreiserdiukov/Documents/battery-care/battery-care";
				"CODE_SIGN_IDENTITY[sdk=macosx*]" = "-";
				CODE_SIGN_STYLE = Automatic;
				COMBINE_HIDPI_IMAGES = YES;
				CURRENT_PROJECT_VERSION = 1;
				ENABLE_PREVIEWS = YES;
				GENERATE_INFOPLIST_FILE = YES;
				INFOPLIST_KEY_CFBundleDisplayName = "Battery Care";
				INFOPLIST_KEY_LSApplicationCategoryType = "public.app-category.utilities";
				INFOPLIST_KEY_LSBackgroundOnly = YES;
				INFOPLIST_KEY_LSUIElement = YES;
				INFOPLIST_KEY_NSHumanReadableCopyright = "";
				INFOPLIST_KEY_NSMainNibFile = MainMenu;
				LD_RUNPATH_SEARCH_PATHS = (
					"$(inherited)",
					"@executable_path/../Frameworks",
				);
				MARKETING_VERSION = 1.0;
				PRODUCT_BUNDLE_IDENTIFIER = com.andreiserdiukov.batterycare;
				PRODUCT_NAME = "Battery Care";
				SWIFT_EMIT_LOC_STRINGS = YES;
				SWIFT_VERSION = 5.0;
			};
			name = Release;
		};
/* End XCBuildConfiguration section */

/* Begin XCConfigurationList section */
		731D40EE2B7D608D00E683F0 /* Build configuration list for PBXProject "battery-care" */ = {
			isa = XCConfigurationList;
			buildConfigurations = (
				731D41002B7D608F00E683F0 /* Debug */,
				731D41012B7D608F00E683F0 /* Release */,
			);
			defaultConfigurationIsVisible = 0;
			defaultConfigurationName = Release;
		};
		731D41022B7D608F00E683F0 /* Build configuration list for PBXNativeTarget "battery-care" */ = {
			isa = XCConfigurationList;
			buildConfigurations = (
				731D41032B7D608F00E683F0 /* Debug */,
				731D41042B7D608F00E683F0 /* Release */,
			);
			defaultConfigurationIsVisible = 0;
			defaultConfigurationName = Release;
		};
/* End XCConfigurationList section */

/* Begin XCRemoteSwiftPackageReference section */
		731D41112B7D675000E683F0 /* XCRemoteSwiftPackageReference "LaunchAtLogin-Modern" */ = {
			isa = XCRemoteSwiftPackageReference;
			repositoryURL = "https://github.com/sindresorhus/LaunchAtLogin-Modern";
			requirement = {
				branch = main;
				kind = branch;
			};
		};
/* End XCRemoteSwiftPackageReference section */

/* Begin XCSwiftPackageProductDependency section */
		731D41122B7D675000E683F0 /* LaunchAtLogin */ = {
			isa = XCSwiftPackageProductDependency;
			package = 731D41112B7D675000E683F0 /* XCRemoteSwiftPackageReference "LaunchAtLogin-Modern" */;
			productName = LaunchAtLogin;
		};
/* End XCSwiftPackageProductDependency section */
	};
	rootObject = 731D40EB2B7D608D00E683F0 /* Project object */;
}
